
Microsoft Visual Studio Solution File, Format Version 12.00
# Visual Studio Version 16
VisualStudioVersion = 16.0.31410.357
MinimumVisualStudioVersion = 10.0.40219.1
Project("{FAE04EC0-301F-11D3-BF4B-00C04F79EFBC}") = "PersistentWebAssembly", "PersistentWebAssembly\PersistentWebAssembly.csproj", "{1FD022B0-B37E-44D2-8EB0-628452E8A818}"
EndProject
Global
	GlobalSection(SolutionConfigurationPlatforms) = preSolution
		Debug|Any CPU = Debug|Any CPU
		Release|Any CPU = Release|Any CPU
	EndGlobalSection
	GlobalSection(ProjectConfigurationPlatforms) = postSolution
		{1FD022B0-B37E-44D2-8EB0-628452E8A818}.Debug|Any CPU.ActiveCfg = Debug|Any CPU
		{1FD022B0-B37E-44D2-8EB0-628452E8A818}.Debug|Any CPU.Build.0 = Debug|Any CPU
		{1FD022B0-B37E-44D2-8EB0-628452E8A818}.Release|Any CPU.ActiveCfg = Release|Any CPU
		{1FD022B0-B37E-44D2-8EB0-628452E8A818}.Release|Any CPU.Build.0 = Release|Any CPU
	EndGlobalSection
	GlobalSection(SolutionProperties) = preSolution
		HideSolutionNode = FALSE
	EndGlobalSection
	GlobalSection(ExtensibilityGlobals) = postSolution
		SolutionGuid = {C3BAF5CD-28B9-4298-A081-56396DB17996}
	EndGlobalSection
EndGlobal
